{
  "name": "Front",
  "lockfileVersion": 2,
  "requires": true,
  "packages": {
    "": {
      "dependencies": {
        "@angular/cdk": "^11.2.9",
        "@angular/material": "^11.2.9"
      },
      "devDependencies": {
        "bootstrap": "^4.6.0"
      }
    },
    "node_modules/@angular/animations": {
      "version": "11.2.10",
      "resolved": "https://registry.npmjs.org/@angular/animations/-/animations-11.2.10.tgz",
      "integrity": "sha512-fnmZtbVJuWAchzAj1+wU0AlQfa5J4jA/2P7qo4QDCNshWvkWVplO0huAdBgb5K0UjOstpRKFhwjK3DhuKGM/0A==",
      "peer": true,
      "dependencies": {
        "tslib": "^2.0.0"
      },
      "peerDependencies": {
        "@angular/core": "11.2.10"
      }
    },
    "node_modules/@angular/cdk": {
      "version": "11.2.9",
      "resolved": "https://registry.npmjs.org/@angular/cdk/-/cdk-11.2.9.tgz",
      "integrity": "sha512-3gHobkgCQIJ4kJFkqexaKramI6k4OZ0/Vw5qvabGhpwWtICvrrfZyRejJzhecYKOcw+hiJNoDqP9TVNfkLme9g==",
      "dependencies": {
        "tslib": "^2.0.0"
      },
      "optionalDependencies": {
        "parse5": "^5.0.0"
      },
      "peerDependencies": {
        "@angular/common": "^11.0.0 || ^12.0.0-0",
        "@angular/core": "^11.0.0 || ^12.0.0-0"
      }
    },
    "node_modules/@angular/common": {
      "version": "11.2.10",
      "resolved": "https://registry.npmjs.org/@angular/common/-/common-11.2.10.tgz",
      "integrity": "sha512-eguQEg5GQW1geUa9w00Nabz1BZKOj3rR1Wm6pYlLRF7KdWMDvpJ9xkG2P0X7YoqnWxX8GPqcsl2J3Ds+KDXJLA==",
      "peer": true,
      "dependencies": {
        "tslib": "^2.0.0"
      },
      "peerDependencies": {
        "@angular/core": "11.2.10",
        "rxjs": "^6.5.3"
      }
    },
    "node_modules/@angular/core": {
      "version": "11.2.10",
      "resolved": "https://registry.npmjs.org/@angular/core/-/core-11.2.10.tgz",
      "integrity": "sha512-1nZGSVZPvTA6rFJhoivcUKm2YBx9A+569cV1UTPlXjcpO+wNcrrXG+6yjxS2wAffTWEQ7xA0ajyo8mZrpqqw9Q==",
      "peer": true,
      "dependencies": {
        "tslib": "^2.0.0"
      },
      "peerDependencies": {
        "rxjs": "^6.5.3",
        "zone.js": "^0.10.2 || ^0.11.3"
      }
    },
    "node_modules/@angular/forms": {
      "version": "11.2.10",
      "resolved": "https://registry.npmjs.org/@angular/forms/-/forms-11.2.10.tgz",
      "integrity": "sha512-L8AJHdhonWbbZiqN9z18P9jfsPt/MfLzmkYfDY2QXLzAe8jhrWrWE/9ZOJDe849UBIyDpD1bke5lPW4Fq7W6ug==",
      "peer": true,
      "dependencies": {
        "tslib": "^2.0.0"
      },
      "peerDependencies": {
        "@angular/common": "11.2.10",
        "@angular/core": "11.2.10",
        "@angular/platform-browser": "11.2.10",
        "rxjs": "^6.5.3"
      }
    },
    "node_modules/@angular/material": {
      "version": "11.2.9",
      "resolved": "https://registry.npmjs.org/@angular/material/-/material-11.2.9.tgz",
      "integrity": "sha512-Pe1aScSX8fMOSs5hfF/V7NCJn9pt/60rFmwYxgtFser4BcJrO0Moz4eqxhNcR0PjiCQgKJpjjPxBept2+o5N5A==",
      "dependencies": {
        "tslib": "^2.0.0"
      },
      "peerDependencies": {
        "@angular/animations": "^11.0.0 || ^12.0.0-0",
        "@angular/cdk": "11.2.9",
        "@angular/common": "^11.0.0 || ^12.0.0-0",
        "@angular/core": "^11.0.0 || ^12.0.0-0",
        "@angular/forms": "^11.0.0 || ^12.0.0-0"
      }
    },
    "node_modules/@angular/platform-browser": {
      "version": "11.2.10",
      "resolved": "https://registry.npmjs.org/@angular/platform-browser/-/platform-browser-11.2.10.tgz",
      "integrity": "sha512-8viTrC6W0FWzGou0cLHQLnXtTcXdm3V4fQWYcc03SiJM7sM/EDrBdwDqXEBUG089xrgbX8iDb+Txk821lyCa8w==",
      "peer": true,
      "dependencies": {
        "tslib": "^2.0.0"
      },
      "peerDependencies": {
        "@angular/animations": "11.2.10",
        "@angular/common": "11.2.10",
        "@angular/core": "11.2.10"
      },
      "peerDependenciesMeta": {
        "@angular/animations": {
          "optional": true
        }
      }
    },
    "node_modules/bootstrap": {
      "version": "4.6.0",
      "resolved": "https://registry.npmjs.org/bootstrap/-/bootstrap-4.6.0.tgz",
      "integrity": "sha512-Io55IuQY3kydzHtbGvQya3H+KorS/M9rSNyfCGCg9WZ4pyT/lCxIlpJgG1GXW/PswzC84Tr2fBYi+7+jFVQQBw==",
      "dev": true,
      "funding": {
        "type": "opencollective",
        "url": "https://opencollective.com/bootstrap"
      },
      "peerDependencies": {
        "jquery": "1.9.1 - 3",
        "popper.js": "^1.16.1"
      }
    },
    "node_modules/jquery": {
      "version": "3.6.0",
      "resolved": "https://registry.npmjs.org/jquery/-/jquery-3.6.0.tgz",
      "integrity": "sha512-JVzAR/AjBvVt2BmYhxRCSYysDsPcssdmTFnzyLEts9qNwmjmu4JTAMYubEfwVOSwpQ1I1sKKFcxhZCI2buerfw==",
      "dev": true,
      "peer": true
    },
    "node_modules/parse5": {
      "version": "5.1.1",
      "resolved": "https://registry.npmjs.org/parse5/-/parse5-5.1.1.tgz",
      "integrity": "sha512-ugq4DFI0Ptb+WWjAdOK16+u/nHfiIrcE+sh8kZMaM0WllQKLI9rOUq6c2b7cwPkXdzfQESqvoqK6ug7U/Yyzug==",
      "optional": true
    },
    "node_modules/popper.js": {
      "version": "1.16.1",
      "resolved": "https://registry.npmjs.org/popper.js/-/popper.js-1.16.1.tgz",
      "integrity": "sha512-Wb4p1J4zyFTbM+u6WuO4XstYx4Ky9Cewe4DWrel7B0w6VVICvPwdOpotjzcf6eD8TsckVnIMNONQyPIUFOUbCQ==",
      "deprecated": "You can find the new Popper v2 at @popperjs/core, this package is dedicated to the legacy v1",
      "dev": true,
      "peer": true,
      "funding": {
        "type": "opencollective",
        "url": "https://opencollective.com/popperjs"
      }
    },
    "node_modules/rxjs": {
      "version": "6.6.7",
      "resolved": "https://registry.npmjs.org/rxjs/-/rxjs-6.6.7.tgz",
      "integrity": "sha512-hTdwr+7yYNIT5n4AMYp85KA6yw2Va0FLa3Rguvbpa4W3I5xynaBZo41cM3XM+4Q6fRMj3sBYIR1VAmZMXYJvRQ==",
      "peer": true,
      "dependencies": {
        "tslib": "^1.9.0"
      },
      "engines": {
        "npm": ">=2.0.0"
      }
    },
    "node_modules/rxjs/node_modules/tslib": {
      "version": "1.14.1",
      "resolved": "https://registry.npmjs.org/tslib/-/tslib-1.14.1.tgz",
      "integrity": "sha512-Xni35NKzjgMrwevysHTCArtLDpPvye8zV/0E4EyYn43P7/7qvQwPh9BGkHewbMulVntbigmcT7rdX3BNo9wRJg==",
      "peer": true
    },
    "node_modules/tslib": {
      "version": "2.2.0",
      "resolved": "https://registry.npmjs.org/tslib/-/tslib-2.2.0.tgz",
      "integrity": "sha512-gS9GVHRU+RGn5KQM2rllAlR3dU6m7AcpJKdtH8gFvQiC4Otgk98XnmMU+nZenHt/+VhnBPWwgrJsyrdcw6i23w=="
    },
    "node_modules/zone.js": {
      "version": "0.11.4",
      "resolved": "https://registry.npmjs.org/zone.js/-/zone.js-0.11.4.tgz",
      "integrity": "sha512-DDh2Ab+A/B+9mJyajPjHFPWfYU1H+pdun4wnnk0OcQTNjem1XQSZ2CDW+rfZEUDjv5M19SBqAkjZi0x5wuB5Qw==",
      "peer": true,
      "dependencies": {
        "tslib": "^2.0.0"
      }
    }
  },
  "dependencies": {
    "@angular/animations": {
      "version": "11.2.10",
      "resolved": "https://registry.npmjs.org/@angular/animations/-/animations-11.2.10.tgz",
      "integrity": "sha512-fnmZtbVJuWAchzAj1+wU0AlQfa5J4jA/2P7qo4QDCNshWvkWVplO0huAdBgb5K0UjOstpRKFhwjK3DhuKGM/0A==",
      "peer": true,
      "requires": {
        "tslib": "^2.0.0"
      }
    },
    "@angular/cdk": {
      "version": "11.2.9",
      "resolved": "https://registry.npmjs.org/@angular/cdk/-/cdk-11.2.9.tgz",
      "integrity": "sha512-3gHobkgCQIJ4kJFkqexaKramI6k4OZ0/Vw5qvabGhpwWtICvrrfZyRejJzhecYKOcw+hiJNoDqP9TVNfkLme9g==",
      "requires": {
        "parse5": "^5.0.0",
        "tslib": "^2.0.0"
      }
    },
    "@angular/common": {
      "version": "11.2.10",
      "resolved": "https://registry.npmjs.org/@angular/common/-/common-11.2.10.tgz",
      "integrity": "sha512-eguQEg5GQW1geUa9w00Nabz1BZKOj3rR1Wm6pYlLRF7KdWMDvpJ9xkG2P0X7YoqnWxX8GPqcsl2J3Ds+KDXJLA==",
      "peer": true,
      "requires": {
        "tslib": "^2.0.0"
      }
    },
    "@angular/core": {
      "version": "11.2.10",
      "resolved": "https://registry.npmjs.org/@angular/core/-/core-11.2.10.tgz",
      "integrity": "sha512-1nZGSVZPvTA6rFJhoivcUKm2YBx9A+569cV1UTPlXjcpO+wNcrrXG+6yjxS2wAffTWEQ7xA0ajyo8mZrpqqw9Q==",
      "peer": true,
      "requires": {
        "tslib": "^2.0.0"
      }
    },
    "@angular/forms": {
      "version": "11.2.10",
      "resolved": "https://registry.npmjs.org/@angular/forms/-/forms-11.2.10.tgz",
      "integrity": "sha512-L8AJHdhonWbbZiqN9z18P9jfsPt/MfLzmkYfDY2QXLzAe8jhrWrWE/9ZOJDe849UBIyDpD1bke5lPW4Fq7W6ug==",
      "peer": true,
      "requires": {
        "tslib": "^2.0.0"
      }
    },
    "@angular/material": {
      "version": "11.2.9",
      "resolved": "https://registry.npmjs.org/@angular/material/-/material-11.2.9.tgz",
      "integrity": "sha512-Pe1aScSX8fMOSs5hfF/V7NCJn9pt/60rFmwYxgtFser4BcJrO0Moz4eqxhNcR0PjiCQgKJpjjPxBept2+o5N5A==",
      "requires": {
        "tslib": "^2.0.0"
      }
    },
    "@angular/platform-browser": {
      "version": "11.2.10",
      "resolved": "https://registry.npmjs.org/@angular/platform-browser/-/platform-browser-11.2.10.tgz",
      "integrity": "sha512-8viTrC6W0FWzGou0cLHQLnXtTcXdm3V4fQWYcc03SiJM7sM/EDrBdwDqXEBUG089xrgbX8iDb+Txk821lyCa8w==",
      "peer": true,
      "requires": {
        "tslib": "^2.0.0"
      }
    },
    "bootstrap": {
      "version": "4.6.0",
      "resolved": "https://registry.npmjs.org/bootstrap/-/bootstrap-4.6.0.tgz",
      "integrity": "sha512-Io55IuQY3kydzHtbGvQya3H+KorS/M9rSNyfCGCg9WZ4pyT/lCxIlpJgG1GXW/PswzC84Tr2fBYi+7+jFVQQBw==",
      "dev": true,
      "requires": {}
    },
    "jquery": {
      "version": "3.6.0",
      "resolved": "https://registry.npmjs.org/jquery/-/jquery-3.6.0.tgz",
      "integrity": "sha512-JVzAR/AjBvVt2BmYhxRCSYysDsPcssdmTFnzyLEts9qNwmjmu4JTAMYubEfwVOSwpQ1I1sKKFcxhZCI2buerfw==",
      "dev": true,
      "peer": true
    },
    "parse5": {
      "version": "5.1.1",
      "resolved": "https://registry.npmjs.org/parse5/-/parse5-5.1.1.tgz",
      "integrity": "sha512-ugq4DFI0Ptb+WWjAdOK16+u/nHfiIrcE+sh8kZMaM0WllQKLI9rOUq6c2b7cwPkXdzfQESqvoqK6ug7U/Yyzug==",
      "optional": true
    },
    "popper.js": {
      "version": "1.16.1",
      "resolved": "https://registry.npmjs.org/popper.js/-/popper.js-1.16.1.tgz",
      "integrity": "sha512-Wb4p1J4zyFTbM+u6WuO4XstYx4Ky9Cewe4DWrel7B0w6VVICvPwdOpotjzcf6eD8TsckVnIMNONQyPIUFOUbCQ==",
      "dev": true,
      "peer": true
    },
    "rxjs": {
      "version": "6.6.7",
      "resolved": "https://registry.npmjs.org/rxjs/-/rxjs-6.6.7.tgz",
      "integrity": "sha512-hTdwr+7yYNIT5n4AMYp85KA6yw2Va0FLa3Rguvbpa4W3I5xynaBZo41cM3XM+4Q6fRMj3sBYIR1VAmZMXYJvRQ==",
      "peer": true,
      "requires": {
        "tslib": "^1.9.0"
      },
      "dependencies": {
        "tslib": {
          "version": "1.14.1",
          "resolved": "https://registry.npmjs.org/tslib/-/tslib-1.14.1.tgz",
          "integrity": "sha512-Xni35NKzjgMrwevysHTCArtLDpPvye8zV/0E4EyYn43P7/7qvQwPh9BGkHewbMulVntbigmcT7rdX3BNo9wRJg==",
          "peer": true
        }
      }
    },
    "tslib": {
      "version": "2.2.0",
      "resolved": "https://registry.npmjs.org/tslib/-/tslib-2.2.0.tgz",
      "integrity": "sha512-gS9GVHRU+RGn5KQM2rllAlR3dU6m7AcpJKdtH8gFvQiC4Otgk98XnmMU+nZenHt/+VhnBPWwgrJsyrdcw6i23w=="
    },
    "zone.js": {
      "version": "0.11.4",
      "resolved": "https://registry.npmjs.org/zone.js/-/zone.js-0.11.4.tgz",
      "integrity": "sha512-DDh2Ab+A/B+9mJyajPjHFPWfYU1H+pdun4wnnk0OcQTNjem1XQSZ2CDW+rfZEUDjv5M19SBqAkjZi0x5wuB5Qw==",
      "peer": true,
      "requires": {
        "tslib": "^2.0.0"
      }
    }
  }
}
